
Microsoft Visual Studio Solution File, Format Version 12.00
# Visual Studio Version 16
VisualStudioVersion = 16.0.34902.97
MinimumVisualStudioVersion = 10.0.40219.1
Project("{FAE04EC0-301F-11D3-BF4B-00C04F79EFBC}") = "Program1", "Program1\Program1.csproj", "{1C929997-A1C9-4E6D-91C6-9BA28D7264A6}"
EndProject
Global
	GlobalSection(SolutionConfigurationPlatforms) = preSolution
		Debug|Any CPU = Debug|Any CPU
		Release|Any CPU = Release|Any CPU
	EndGlobalSection
	GlobalSection(ProjectConfigurationPlatforms) = postSolution
		{1C929997-A1C9-4E6D-91C6-9BA28D7264A6}.Debug|Any CPU.ActiveCfg = Debug|Any CPU
		{1C929997-A1C9-4E6D-91C6-9BA28D7264A6}.Debug|Any CPU.Build.0 = Debug|Any CPU
		{1C929997-A1C9-4E6D-91C6-9BA28D7264A6}.Release|Any CPU.ActiveCfg = Release|Any CPU
		{1C929997-A1C9-4E6D-91C6-9BA28D7264A6}.Release|Any CPU.Build.0 = Release|Any CPU
	EndGlobalSection
	GlobalSection(SolutionProperties) = preSolution
		HideSolutionNode = FALSE
	EndGlobalSection
	GlobalSection(ExtensibilityGlobals) = postSolution
		SolutionGuid = {1A0C274D-3C3F-488B-9301-4C65886B3C38}
	EndGlobalSection
EndGlobal
