
Microsoft Visual Studio Solution File, Format Version 12.00
# Visual Studio Version 16
VisualStudioVersion = 16.0.34902.97
MinimumVisualStudioVersion = 10.0.40219.1
Project("{FAE04EC0-301F-11D3-BF4B-00C04F79EFBC}") = "CC2", "CC2\CC2.csproj", "{C0C44B1D-6ECE-45C4-9047-E8E3F08CF48F}"
EndProject
Global
	GlobalSection(SolutionConfigurationPlatforms) = preSolution
		Debug|Any CPU = Debug|Any CPU
		Release|Any CPU = Release|Any CPU
	EndGlobalSection
	GlobalSection(ProjectConfigurationPlatforms) = postSolution
		{C0C44B1D-6ECE-45C4-9047-E8E3F08CF48F}.Debug|Any CPU.ActiveCfg = Debug|Any CPU
		{C0C44B1D-6ECE-45C4-9047-E8E3F08CF48F}.Debug|Any CPU.Build.0 = Debug|Any CPU
		{C0C44B1D-6ECE-45C4-9047-E8E3F08CF48F}.Release|Any CPU.ActiveCfg = Release|Any CPU
		{C0C44B1D-6ECE-45C4-9047-E8E3F08CF48F}.Release|Any CPU.Build.0 = Release|Any CPU
	EndGlobalSection
	GlobalSection(SolutionProperties) = preSolution
		HideSolutionNode = FALSE
	EndGlobalSection
	GlobalSection(ExtensibilityGlobals) = postSolution
		SolutionGuid = {DFF2B908-643C-414B-B6E0-F5DA3445F988}
	EndGlobalSection
EndGlobal
