
Microsoft Visual Studio Solution File, Format Version 12.00
# Visual Studio Version 16
VisualStudioVersion = 16.0.34902.97
MinimumVisualStudioVersion = 10.0.40219.1
Project("{FAE04EC0-301F-11D3-BF4B-00C04F79EFBC}") = "Project", "Project\Project.csproj", "{C6C8142D-15C3-4616-9F12-8DACBB2E61FB}"
EndProject
Global
	GlobalSection(SolutionConfigurationPlatforms) = preSolution
		Debug|Any CPU = Debug|Any CPU
		Release|Any CPU = Release|Any CPU
	EndGlobalSection
	GlobalSection(ProjectConfigurationPlatforms) = postSolution
		{C6C8142D-15C3-4616-9F12-8DACBB2E61FB}.Debug|Any CPU.ActiveCfg = Debug|Any CPU
		{C6C8142D-15C3-4616-9F12-8DACBB2E61FB}.Debug|Any CPU.Build.0 = Debug|Any CPU
		{C6C8142D-15C3-4616-9F12-8DACBB2E61FB}.Release|Any CPU.ActiveCfg = Release|Any CPU
		{C6C8142D-15C3-4616-9F12-8DACBB2E61FB}.Release|Any CPU.Build.0 = Release|Any CPU
	EndGlobalSection
	GlobalSection(SolutionProperties) = preSolution
		HideSolutionNode = FALSE
	EndGlobalSection
	GlobalSection(ExtensibilityGlobals) = postSolution
		SolutionGuid = {AF12D484-E361-40C7-93A0-D69CE1934232}
	EndGlobalSection
EndGlobal
