
Microsoft Visual Studio Solution File, Format Version 12.00
# Visual Studio Version 16
VisualStudioVersion = 16.0.34902.97
MinimumVisualStudioVersion = 10.0.40219.1
Project("{FAE04EC0-301F-11D3-BF4B-00C04F79EFBC}") = "Day2Training", "Day2Training\Day2Training.csproj", "{4726DA3A-DEE1-49FE-AE61-5DBE63D7573E}"
EndProject
Global
	GlobalSection(SolutionConfigurationPlatforms) = preSolution
		Debug|Any CPU = Debug|Any CPU
		Release|Any CPU = Release|Any CPU
	EndGlobalSection
	GlobalSection(ProjectConfigurationPlatforms) = postSolution
		{4726DA3A-DEE1-49FE-AE61-5DBE63D7573E}.Debug|Any CPU.ActiveCfg = Debug|Any CPU
		{4726DA3A-DEE1-49FE-AE61-5DBE63D7573E}.Debug|Any CPU.Build.0 = Debug|Any CPU
		{4726DA3A-DEE1-49FE-AE61-5DBE63D7573E}.Release|Any CPU.ActiveCfg = Release|Any CPU
		{4726DA3A-DEE1-49FE-AE61-5DBE63D7573E}.Release|Any CPU.Build.0 = Release|Any CPU
	EndGlobalSection
	GlobalSection(SolutionProperties) = preSolution
		HideSolutionNode = FALSE
	EndGlobalSection
	GlobalSection(ExtensibilityGlobals) = postSolution
		SolutionGuid = {D835B80B-D87F-4E65-A361-C117A2297FDE}
	EndGlobalSection
EndGlobal
