
Microsoft Visual Studio Solution File, Format Version 12.00
# Visual Studio Version 16
VisualStudioVersion = 16.0.34902.97
MinimumVisualStudioVersion = 10.0.40219.1
Project("{FAE04EC0-301F-11D3-BF4B-00C04F79EFBC}") = "CC3", "CC3\CC3.csproj", "{C458D479-DC2D-49BD-8CCD-62009010CB12}"
EndProject
Global
	GlobalSection(SolutionConfigurationPlatforms) = preSolution
		Debug|Any CPU = Debug|Any CPU
		Release|Any CPU = Release|Any CPU
	EndGlobalSection
	GlobalSection(ProjectConfigurationPlatforms) = postSolution
		{C458D479-DC2D-49BD-8CCD-62009010CB12}.Debug|Any CPU.ActiveCfg = Debug|Any CPU
		{C458D479-DC2D-49BD-8CCD-62009010CB12}.Debug|Any CPU.Build.0 = Debug|Any CPU
		{C458D479-DC2D-49BD-8CCD-62009010CB12}.Release|Any CPU.ActiveCfg = Release|Any CPU
		{C458D479-DC2D-49BD-8CCD-62009010CB12}.Release|Any CPU.Build.0 = Release|Any CPU
	EndGlobalSection
	GlobalSection(SolutionProperties) = preSolution
		HideSolutionNode = FALSE
	EndGlobalSection
	GlobalSection(ExtensibilityGlobals) = postSolution
		SolutionGuid = {966E551C-900B-42B9-9752-BA29CCD3E9DF}
	EndGlobalSection
EndGlobal
