
Microsoft Visual Studio Solution File, Format Version 12.00
# Visual Studio Version 17
VisualStudioVersion = 17.11.35208.52
MinimumVisualStudioVersion = 10.0.40219.1
Project("{FAE04EC0-301F-11D3-BF4B-00C04F79EFBC}") = "CountryApi", "CountryApi\CountryApi.csproj", "{ACBE7C20-A028-4805-AB6A-229269557297}"
EndProject
Global
	GlobalSection(SolutionConfigurationPlatforms) = preSolution
		Debug|Any CPU = Debug|Any CPU
		Release|Any CPU = Release|Any CPU
	EndGlobalSection
	GlobalSection(ProjectConfigurationPlatforms) = postSolution
		{ACBE7C20-A028-4805-AB6A-229269557297}.Debug|Any CPU.ActiveCfg = Debug|Any CPU
		{ACBE7C20-A028-4805-AB6A-229269557297}.Debug|Any CPU.Build.0 = Debug|Any CPU
		{ACBE7C20-A028-4805-AB6A-229269557297}.Release|Any CPU.ActiveCfg = Release|Any CPU
		{ACBE7C20-A028-4805-AB6A-229269557297}.Release|Any CPU.Build.0 = Release|Any CPU
	EndGlobalSection
	GlobalSection(SolutionProperties) = preSolution
		HideSolutionNode = FALSE
	EndGlobalSection
	GlobalSection(ExtensibilityGlobals) = postSolution
		SolutionGuid = {50B0993C-B9DA-4D43-8504-D50C608DB65F}
	EndGlobalSection
EndGlobal
