
Microsoft Visual Studio Solution File, Format Version 12.00
# Visual Studio Version 16
VisualStudioVersion = 16.0.34902.97
MinimumVisualStudioVersion = 10.0.40219.1
Project("{FAE04EC0-301F-11D3-BF4B-00C04F79EFBC}") = "Day6Training", "Day6Training\Day6Training.csproj", "{CBC26614-BD01-424D-8818-F3008151173C}"
EndProject
Global
	GlobalSection(SolutionConfigurationPlatforms) = preSolution
		Debug|Any CPU = Debug|Any CPU
		Release|Any CPU = Release|Any CPU
	EndGlobalSection
	GlobalSection(ProjectConfigurationPlatforms) = postSolution
		{CBC26614-BD01-424D-8818-F3008151173C}.Debug|Any CPU.ActiveCfg = Debug|Any CPU
		{CBC26614-BD01-424D-8818-F3008151173C}.Debug|Any CPU.Build.0 = Debug|Any CPU
		{CBC26614-BD01-424D-8818-F3008151173C}.Release|Any CPU.ActiveCfg = Release|Any CPU
		{CBC26614-BD01-424D-8818-F3008151173C}.Release|Any CPU.Build.0 = Release|Any CPU
	EndGlobalSection
	GlobalSection(SolutionProperties) = preSolution
		HideSolutionNode = FALSE
	EndGlobalSection
	GlobalSection(ExtensibilityGlobals) = postSolution
		SolutionGuid = {01F8CBD0-6613-478E-8288-C2E0C2753330}
	EndGlobalSection
EndGlobal
